{
  "pins" : [
    {
      "identity" : "waterfallgrid",
      "kind" : "remoteSourceControl",
      "location" : "https://github.com/paololeonardi/WaterfallGrid.git",
      "state" : {
        "revision" : "c7c08652c3540adf8e48409c351879b4caea7e89",
        "version" : "1.1.0"
      }
    }
  ],
  "version" : 2
}
